
Microsoft Visual Studio Solution File, Format Version 12.00
Project("{FAE04EC0-301F-11D3-BF4B-00C04F79EFBC}") = "ExceptionExamples", "ExceptionExamples\ExceptionExamples.csproj", "{693128A3-F6BF-47C8-9DD4-F92FD19BFB17}"
EndProject
Global
	GlobalSection(SolutionConfigurationPlatforms) = preSolution
		Debug|Any CPU = Debug|Any CPU
		Release|Any CPU = Release|Any CPU
	EndGlobalSection
	GlobalSection(ProjectConfigurationPlatforms) = postSolution
		{693128A3-F6BF-47C8-9DD4-F92FD19BFB17}.Debug|Any CPU.ActiveCfg = Debug|Any CPU
		{693128A3-F6BF-47C8-9DD4-F92FD19BFB17}.Debug|Any CPU.Build.0 = Debug|Any CPU
		{693128A3-F6BF-47C8-9DD4-F92FD19BFB17}.Release|Any CPU.ActiveCfg = Release|Any CPU
		{693128A3-F6BF-47C8-9DD4-F92FD19BFB17}.Release|Any CPU.Build.0 = Release|Any CPU
	EndGlobalSection
EndGlobal
